
Microsoft Visual Studio Solution File, Format Version 12.00
# Visual Studio 15
VisualStudioVersion = 15.0.28307.102
MinimumVisualStudioVersion = 10.0.40219.1
Project("{FAE04EC0-301F-11D3-BF4B-00C04F79EFBC}") = "GreenRestaturant", "GreenRestaturant\GreenRestaturant.csproj", "{593DA263-E436-4457-B07E-591D2B469B81}"
EndProject
Project("{FAE04EC0-301F-11D3-BF4B-00C04F79EFBC}") = "GreenRestaturant.Tests", "GreenRestaturant.Tests\GreenRestaturant.Tests.csproj", "{E93FFE7D-D88D-48E1-8291-3AB44F027394}"
EndProject
Global
	GlobalSection(SolutionConfigurationPlatforms) = preSolution
		Debug|Any CPU = Debug|Any CPU
		Release|Any CPU = Release|Any CPU
	EndGlobalSection
	GlobalSection(ProjectConfigurationPlatforms) = postSolution
		{593DA263-E436-4457-B07E-591D2B469B81}.Debug|Any CPU.ActiveCfg = Debug|Any CPU
		{593DA263-E436-4457-B07E-591D2B469B81}.Debug|Any CPU.Build.0 = Debug|Any CPU
		{593DA263-E436-4457-B07E-591D2B469B81}.Release|Any CPU.ActiveCfg = Release|Any CPU
		{593DA263-E436-4457-B07E-591D2B469B81}.Release|Any CPU.Build.0 = Release|Any CPU
		{E93FFE7D-D88D-48E1-8291-3AB44F027394}.Debug|Any CPU.ActiveCfg = Debug|Any CPU
		{E93FFE7D-D88D-48E1-8291-3AB44F027394}.Debug|Any CPU.Build.0 = Debug|Any CPU
		{E93FFE7D-D88D-48E1-8291-3AB44F027394}.Release|Any CPU.ActiveCfg = Release|Any CPU
		{E93FFE7D-D88D-48E1-8291-3AB44F027394}.Release|Any CPU.Build.0 = Release|Any CPU
	EndGlobalSection
	GlobalSection(SolutionProperties) = preSolution
		HideSolutionNode = FALSE
	EndGlobalSection
	GlobalSection(ExtensibilityGlobals) = postSolution
		SolutionGuid = {27828EDC-584D-4479-A8D6-119F8E2DA5F6}
	EndGlobalSection
EndGlobal
